// !$*UTF8*$!
{
	archiveVersion = 1;
	classes = {
	};
	objectVersion = 56;
	objects = {

/* Begin PBXBuildFile section */
		F11A1A1A1A1A1A1A1A1A1A /* AppDelegate.swift in Sources */ = {isa = PBXBuildFile; fileRef = F11B1B1B1B1B1B1B1B1B1B /* AppDelegate.swift */; };
		F11A2A2A2A2A2A2A2A2A2A2 /* SceneDelegate.swift in Sources */ = {isa = PBXBuildFile; fileRef = F11B2B2B2B2B2B2B2B2B2B /* SceneDelegate.swift */; };
/* End PBXBuildFile section */

/* Begin PBXFileReference section */
		F11C1C1C1C1C1C1C1C1C1C1C /* SmartCampus.app */ = {isa = PBXFileReference; explicitFileType = wrapper.application; includeInIndex = 0; path = SmartCampus.app; sourceTree = BUILT_PRODUCTS_DIR; };
		F11B1B1B1B1B1B1B1B1B1B /* AppDelegate.swift */ = {isa = PBXFileReference; lastKnownFileType = sourcecode.swift; path = AppDelegate.swift; sourceTree = "<group>"; };
		F11B2B2B2B2B2B2B2B2B2B2 /* SceneDelegate.swift */ = {isa = PBXFileReference; lastKnownFileType = sourcecode.swift; path = SceneDelegate.swift; sourceTree = "<group>"; };
/* End PBXFileReference section */

/* Begin PBXGroup section */
		F11E1E1E1E1E1E1E1E1E1E1E = {
			isa = PBXGroup;
			children = (
				F11F1F1F1F1F1F1F1F1F1F1F /* SmartCampus */,
				F11G1G1G1G1G1G1G1G1G1G1G /* Products */,
			);
			sourceTree = "<group>";
		};
		F11F1F1F1F1F1F1F1F1F1F1F /* SmartCampus */ = {
			isa = PBXGroup;
			path = SmartCampus;
			sourceTree = SOURCE_ROOT;
		};
		F11G1G1G1G1G1G1G1G1G1G1G /* Products */ = {
			isa = PBXGroup;
			children = (
				F11C1C1C1C1C1C1C1C1C1C1C /* SmartCampus.app */,
			);
			name = Products;
			sourceTree = "<group>";
		};
/* End PBXGroup section */

/* Begin PBXProject section */
		F11H1H1H1H1H1H1H1H1H1H1H /* Project object */ = {
			isa = PBXProject;
			attributes = {
				LastSwiftUpdateCheck = 1430;
				LastUpgradeCheck = 1430;
			};
			buildConfigurationList = F11I1I1I1I1I1I1I1I1I1I1I /* Build configuration list for PBXProject "SmartCampus" */;
			compatibilityVersion = "Xcode 14.0";
			developmentRegion = en;
			hasScannedForEncodings = 0;
			knownRegions = (
				en,
				Base,
			);
			mainGroup = F11E1E1E1E1E1E1E1E1E1E1E;
			productRefGroup = F11G1G1G1G1G1G1G1G1G1G1G /* Products */;
			projectDirPath = "";
			projectRoot = "";
			targets = (
				F11J1J1J1J1J1J1J1J1J1J1J /* SmartCampus */,
			);
		};
/* End PBXProject section */

/* Begin PBXNativeTarget section */
		F11J1J1J1J1J1J1J1J1J1J1J /* SmartCampus */ = {
			isa = PBXNativeTarget;
			buildConfigurationList = F11K1K1K1K1K1K1K1K1K1K1K /* Build configuration list for PBXNativeTarget "SmartCampus" */;
			buildPhases = (
				F11L1L1L1L1L1L1L1L1L1L1L /* Sources */,
			);
			buildRules = (
			);
			dependencies = (
			);
			name = SmartCampus;
			productName = SmartCampus;
			productReference = F11C1C1C1C1C1C1C1C1C1C1C /* SmartCampus.app */;
			productType = "com.apple.product-type.application";
		};
/* End PBXNativeTarget section */

/* Begin PBXSourcesBuildPhase section */
		F11L1L1L1L1L1L1L1L1L1L1L /* Sources */ = {
			isa = PBXSourcesBuildPhase;
			buildActionMask = 2147483647;
			files = (
				F11A1A1A1A1A1A1A1A1A1A1 /* AppDelegate.swift in Sources */,
				F11A2A2A2A2A2A2A2A2A2A2 /* SceneDelegate.swift in Sources */,
			);
			runOnlyForDeploymentPostprocessing = 0;
		};
/* End PBXSourcesBuildPhase section */

/* Begin XCBuildConfiguration section */
		F11M1M1M1M1M1M1M1M1M1M1M /* Debug */ = {
			isa = XCBuildConfiguration;
			buildSettings = {
				CODE_SIGN_STYLE = Manual;
				CODE_SIGNING_ALLOWED = NO;
				PRODUCT_NAME = SmartCampus;
				PRODUCT_BUNDLE_IDENTIFIER = com.smartcampus.app;
				SWIFT_VERSION = 5.0;
				INFOPLIST_FILE = SmartCampus/Info.plist;
			};
			name = Debug;
		};
		F11N1N1N1N1N1N1N1N1N1N1N /* Release */ = {
			isa = XCBuildConfiguration;
			buildSettings = {
				CODE_SIGN_STYLE = Manual;
				CODE_SIGNING_ALLOWED = NO;
				PRODUCT_NAME = SmartCampus;
				PRODUCT_BUNDLE_IDENTIFIER = com.smartcampus.app;
				SWIFT_VERSION = 5.0;
				INFOPLIST_FILE = SmartCampus/Info.plist;
			};
			name = Release;
		};
/* End XCBuildConfiguration section */

/* Begin XCConfigurationList section */
		F11I1I1I1I1I1I1I1I1I1I1I /* Build configuration list for PBXProject "SmartCampus" */ = {
			isa = XCConfigurationList;
			buildConfigurations = (
				F11M1M1M1M1M1M1M1M1M1M1M /* Debug */,
				F11N1N1N1N1N1N1N1N1N1N1N /* Release */,
			);
			defaultConfigurationIsVisible = 0;
			defaultConfigurationName = Release;
		};
		F11K1K1K1K1K1K1K1K1K1K1K /* Build configuration list for PBXNativeTarget "SmartCampus" */ = {
			isa = XCConfigurationList;
			buildConfigurations = (
				F11M1M1M1M1M1M1M1M1M1M1M /* Debug */,
				F11N1N1N1N1N1N1N1N1N1N1N /* Release */,
			);
			defaultConfigurationIsVisible = 0;
			defaultConfigurationName = Release;
		};
/* End XCConfigurationList section */
	};
	rootObject = F11H1H1H1H1H1H1H1H1H1H1H /* Project object */;
}
